
Microsoft Visual Studio Solution File, Format Version 9.00
# Visual Studio 2005
Project("{E24C65DC-7377-472B-9ABA-BC803B73C61A}") = "C:\...\CSharp2.0\", "..\..\..\..\..\..\dev\trunk\combo\samples\dotnet\CSharp2.0\", "{460DD19D-9128-4F9F-AEA0-02B48FDBE342}"
	ProjectSection(WebsiteProperties) = preProject
		Debug.AspNetCompiler.VirtualPath = "/CSharp2.0"
		Debug.AspNetCompiler.PhysicalPath = "..\..\..\..\..\..\dev\trunk\combo\samples\dotnet\CSharp2.0\"
		Debug.AspNetCompiler.TargetPath = "PrecompiledWeb\CSharp2.0\"
		Debug.AspNetCompiler.Updateable = "true"
		Debug.AspNetCompiler.ForceOverwrite = "true"
		Debug.AspNetCompiler.FixedNames = "false"
		Debug.AspNetCompiler.Debug = "True"
		Release.AspNetCompiler.VirtualPath = "/CSharp2.0"
		Release.AspNetCompiler.PhysicalPath = "..\..\..\..\..\..\dev\trunk\combo\samples\dotnet\CSharp2.0\"
		Release.AspNetCompiler.TargetPath = "PrecompiledWeb\CSharp2.0\"
		Release.AspNetCompiler.Updateable = "true"
		Release.AspNetCompiler.ForceOverwrite = "true"
		Release.AspNetCompiler.FixedNames = "false"
		Release.AspNetCompiler.Debug = "False"
		VWDPort = "2070"
	EndProjectSection
EndProject
Global
	GlobalSection(SolutionConfigurationPlatforms) = preSolution
		Debug|.NET = Debug|.NET
	EndGlobalSection
	GlobalSection(ProjectConfigurationPlatforms) = postSolution
		{460DD19D-9128-4F9F-AEA0-02B48FDBE342}.Debug|.NET.ActiveCfg = Debug|.NET
		{460DD19D-9128-4F9F-AEA0-02B48FDBE342}.Debug|.NET.Build.0 = Debug|.NET
	EndGlobalSection
	GlobalSection(SolutionProperties) = preSolution
		HideSolutionNode = FALSE
	EndGlobalSection
EndGlobal
