
Microsoft Visual Studio Solution File, Format Version 10.00
# Visual Studio 2008
Project("{FAE04EC0-301F-11D3-BF4B-00C04F79EFBC}") = "NitobiControls.VS2005", "NitobiControls\NitobiControls.VS2005.csproj", "{4E6EF4A0-CE0B-4559-8F91-2400B81A89F3}"
EndProject
Global
	GlobalSection(SolutionConfigurationPlatforms) = preSolution
		Debug|Any CPU = Debug|Any CPU
		Release|Any CPU = Release|Any CPU
	EndGlobalSection
	GlobalSection(ProjectConfigurationPlatforms) = postSolution
		{4E6EF4A0-CE0B-4559-8F91-2400B81A89F3}.Debug|Any CPU.ActiveCfg = Debug|Any CPU
		{4E6EF4A0-CE0B-4559-8F91-2400B81A89F3}.Debug|Any CPU.Build.0 = Debug|Any CPU
		{4E6EF4A0-CE0B-4559-8F91-2400B81A89F3}.Release|Any CPU.ActiveCfg = Release|Any CPU
		{4E6EF4A0-CE0B-4559-8F91-2400B81A89F3}.Release|Any CPU.Build.0 = Release|Any CPU
	EndGlobalSection
	GlobalSection(SolutionProperties) = preSolution
		HideSolutionNode = FALSE
	EndGlobalSection
EndGlobal
